
Microsoft Visual Studio Solution File, Format Version 12.00
# Visual Studio Version 17
VisualStudioVersion = 17.0.32014.148
MinimumVisualStudioVersion = 10.0.40219.1
Project("{9A19103F-16F7-4668-BE54-9A1E7A4F7556}") = "NestedFlowchart", "NestedFlowchart.csproj", "{AB8C9F61-AC16-413A-821F-B8AB5F2785F1}"
EndProject
Project("{FAE04EC0-301F-11D3-BF4B-00C04F79EFBC}") = "NestedFlowchartTests", "..\NestedFlowchartTests\NestedFlowchartTests.csproj", "{3E1DCC73-C329-4B63-A086-648F2E43759A}"
EndProject
Global
	GlobalSection(SolutionConfigurationPlatforms) = preSolution
		Debug|Any CPU = Debug|Any CPU
		Release|Any CPU = Release|Any CPU
	EndGlobalSection
	GlobalSection(ProjectConfigurationPlatforms) = postSolution
		{AB8C9F61-AC16-413A-821F-B8AB5F2785F1}.Debug|Any CPU.ActiveCfg = Debug|Any CPU
		{AB8C9F61-AC16-413A-821F-B8AB5F2785F1}.Debug|Any CPU.Build.0 = Debug|Any CPU
		{AB8C9F61-AC16-413A-821F-B8AB5F2785F1}.Release|Any CPU.ActiveCfg = Release|Any CPU
		{AB8C9F61-AC16-413A-821F-B8AB5F2785F1}.Release|Any CPU.Build.0 = Release|Any CPU
		{3E1DCC73-C329-4B63-A086-648F2E43759A}.Debug|Any CPU.ActiveCfg = Debug|Any CPU
		{3E1DCC73-C329-4B63-A086-648F2E43759A}.Debug|Any CPU.Build.0 = Debug|Any CPU
		{3E1DCC73-C329-4B63-A086-648F2E43759A}.Release|Any CPU.ActiveCfg = Release|Any CPU
		{3E1DCC73-C329-4B63-A086-648F2E43759A}.Release|Any CPU.Build.0 = Release|Any CPU
	EndGlobalSection
	GlobalSection(SolutionProperties) = preSolution
		HideSolutionNode = FALSE
	EndGlobalSection
	GlobalSection(ExtensibilityGlobals) = postSolution
		SolutionGuid = {5B872041-AF25-4432-A1C4-44ACA9F17291}
	EndGlobalSection
EndGlobal
